
Microsoft Visual Studio Solution File, Format Version 12.00
# Visual Studio 15
VisualStudioVersion = 15.0.28307.489
MinimumVisualStudioVersion = 10.0.40219.1
Project("{FAE04EC0-301F-11D3-BF4B-00C04F79EFBC}") = "GLevantamentos", "GLevantamentos\GLevantamentos.csproj", "{AF6BF368-8AE8-4C85-AF9E-69F5D347230E}"
EndProject
Global
	GlobalSection(SolutionConfigurationPlatforms) = preSolution
		Debug|Any CPU = Debug|Any CPU
		Release|Any CPU = Release|Any CPU
	EndGlobalSection
	GlobalSection(ProjectConfigurationPlatforms) = postSolution
		{AF6BF368-8AE8-4C85-AF9E-69F5D347230E}.Debug|Any CPU.ActiveCfg = Debug|Any CPU
		{AF6BF368-8AE8-4C85-AF9E-69F5D347230E}.Debug|Any CPU.Build.0 = Debug|Any CPU
		{AF6BF368-8AE8-4C85-AF9E-69F5D347230E}.Release|Any CPU.ActiveCfg = Release|Any CPU
		{AF6BF368-8AE8-4C85-AF9E-69F5D347230E}.Release|Any CPU.Build.0 = Release|Any CPU
	EndGlobalSection
	GlobalSection(SolutionProperties) = preSolution
		HideSolutionNode = FALSE
	EndGlobalSection
	GlobalSection(ExtensibilityGlobals) = postSolution
		SolutionGuid = {64A6FABB-0DAE-40F9-B7A2-673C6CB8B7E8}
	EndGlobalSection
EndGlobal
